
Microsoft Visual Studio Solution File, Format Version 12.00
Project("{FAE04EC0-301F-11D3-BF4B-00C04F79EFBC}") = "LunchLab", "LunchLab\LunchLab.csproj", "{12AF869C-F6C4-4F7E-8309-BE30582116B6}"
EndProject
Project("{FAE04EC0-301F-11D3-BF4B-00C04F79EFBC}") = "PayloadClient", "PayloadClient\PayloadClient.csproj", "{4735722A-34CC-4698-AE20-E099AB659454}"
EndProject
Global
	GlobalSection(SolutionConfigurationPlatforms) = preSolution
		Debug|Any CPU = Debug|Any CPU
		Release|Any CPU = Release|Any CPU
	EndGlobalSection
	GlobalSection(ProjectConfigurationPlatforms) = postSolution
		{12AF869C-F6C4-4F7E-8309-BE30582116B6}.Debug|Any CPU.ActiveCfg = Debug|Any CPU
		{12AF869C-F6C4-4F7E-8309-BE30582116B6}.Debug|Any CPU.Build.0 = Debug|Any CPU
		{12AF869C-F6C4-4F7E-8309-BE30582116B6}.Release|Any CPU.ActiveCfg = Release|Any CPU
		{12AF869C-F6C4-4F7E-8309-BE30582116B6}.Release|Any CPU.Build.0 = Release|Any CPU
		{4735722A-34CC-4698-AE20-E099AB659454}.Debug|Any CPU.ActiveCfg = Debug|Any CPU
		{4735722A-34CC-4698-AE20-E099AB659454}.Debug|Any CPU.Build.0 = Debug|Any CPU
		{4735722A-34CC-4698-AE20-E099AB659454}.Release|Any CPU.ActiveCfg = Release|Any CPU
		{4735722A-34CC-4698-AE20-E099AB659454}.Release|Any CPU.Build.0 = Release|Any CPU
	EndGlobalSection
EndGlobal
